
Microsoft Visual Studio Solution File, Format Version 12.00
# Visual Studio Version 17
VisualStudioVersion = 17.0.32112.339
MinimumVisualStudioVersion = 10.0.40219.1
Project("{FAE04EC0-301F-11D3-BF4B-00C04F79EFBC}") = "Exercicios1.ConsoleApp1", "Exercicios1.ConsoleApp1\Exercicios1.ConsoleApp1.csproj", "{AE82C767-CDAC-4F4A-8054-A3CE103DE58F}"
EndProject
Project("{FAE04EC0-301F-11D3-BF4B-00C04F79EFBC}") = "exercicio2ConsoleApp1", "exercicio2ConsoleApp1\exercicio2ConsoleApp1.csproj", "{8060FA06-AF8B-443D-B454-1C915EE7133A}"
EndProject
Project("{FAE04EC0-301F-11D3-BF4B-00C04F79EFBC}") = "exercicio3ConsoleApp1", "exercicio3ConsoleApp1\exercicio3ConsoleApp1.csproj", "{26054612-5ABC-468B-8CC3-CE6D2CD34FC5}"
EndProject
Project("{FAE04EC0-301F-11D3-BF4B-00C04F79EFBC}") = "exercicio4ConsoleApp1", "exercicio4ConsoleApp1\exercicio4ConsoleApp1.csproj", "{94DCC568-099D-49E2-A315-5FE372144664}"
EndProject
Project("{FAE04EC0-301F-11D3-BF4B-00C04F79EFBC}") = "ultimoexercicioConsoleApp1", "ultimoexercicioConsoleApp1\ultimoexercicioConsoleApp1.csproj", "{047E9979-9D28-482D-80AB-B055710213F7}"
EndProject
Global
	GlobalSection(SolutionConfigurationPlatforms) = preSolution
		Debug|Any CPU = Debug|Any CPU
		Release|Any CPU = Release|Any CPU
	EndGlobalSection
	GlobalSection(ProjectConfigurationPlatforms) = postSolution
		{AE82C767-CDAC-4F4A-8054-A3CE103DE58F}.Debug|Any CPU.ActiveCfg = Debug|Any CPU
		{AE82C767-CDAC-4F4A-8054-A3CE103DE58F}.Debug|Any CPU.Build.0 = Debug|Any CPU
		{AE82C767-CDAC-4F4A-8054-A3CE103DE58F}.Release|Any CPU.ActiveCfg = Release|Any CPU
		{AE82C767-CDAC-4F4A-8054-A3CE103DE58F}.Release|Any CPU.Build.0 = Release|Any CPU
		{8060FA06-AF8B-443D-B454-1C915EE7133A}.Debug|Any CPU.ActiveCfg = Debug|Any CPU
		{8060FA06-AF8B-443D-B454-1C915EE7133A}.Debug|Any CPU.Build.0 = Debug|Any CPU
		{8060FA06-AF8B-443D-B454-1C915EE7133A}.Release|Any CPU.ActiveCfg = Release|Any CPU
		{8060FA06-AF8B-443D-B454-1C915EE7133A}.Release|Any CPU.Build.0 = Release|Any CPU
		{26054612-5ABC-468B-8CC3-CE6D2CD34FC5}.Debug|Any CPU.ActiveCfg = Debug|Any CPU
		{26054612-5ABC-468B-8CC3-CE6D2CD34FC5}.Debug|Any CPU.Build.0 = Debug|Any CPU
		{26054612-5ABC-468B-8CC3-CE6D2CD34FC5}.Release|Any CPU.ActiveCfg = Release|Any CPU
		{26054612-5ABC-468B-8CC3-CE6D2CD34FC5}.Release|Any CPU.Build.0 = Release|Any CPU
		{94DCC568-099D-49E2-A315-5FE372144664}.Debug|Any CPU.ActiveCfg = Debug|Any CPU
		{94DCC568-099D-49E2-A315-5FE372144664}.Debug|Any CPU.Build.0 = Debug|Any CPU
		{94DCC568-099D-49E2-A315-5FE372144664}.Release|Any CPU.ActiveCfg = Release|Any CPU
		{94DCC568-099D-49E2-A315-5FE372144664}.Release|Any CPU.Build.0 = Release|Any CPU
		{047E9979-9D28-482D-80AB-B055710213F7}.Debug|Any CPU.ActiveCfg = Debug|Any CPU
		{047E9979-9D28-482D-80AB-B055710213F7}.Debug|Any CPU.Build.0 = Debug|Any CPU
		{047E9979-9D28-482D-80AB-B055710213F7}.Release|Any CPU.ActiveCfg = Release|Any CPU
		{047E9979-9D28-482D-80AB-B055710213F7}.Release|Any CPU.Build.0 = Release|Any CPU
	EndGlobalSection
	GlobalSection(SolutionProperties) = preSolution
		HideSolutionNode = FALSE
	EndGlobalSection
	GlobalSection(ExtensibilityGlobals) = postSolution
		SolutionGuid = {D8C4F09A-F484-4883-AB47-06A38DD82E84}
	EndGlobalSection
EndGlobal
